// !$*UTF8*$!
{
	archiveVersion = 1;
	classes = {
	};
	objectVersion = 56;
	objects = {

/* Begin PBXBuildFile section */
		0CCF40A429F959B900AB3AA6 /* AppDelegate.swift in Sources */ = {isa = PBXBuildFile; fileRef = 0CCF40A329F959B900AB3AA6 /* AppDelegate.swift */; };
		0CCF40A629F959B900AB3AA6 /* SceneDelegate.swift in Sources */ = {isa = PBXBuildFile; fileRef = 0CCF40A529F959B900AB3AA6 /* SceneDelegate.swift */; };
		0CCF40A829F959B900AB3AA6 /* MainTabViewController.swift in Sources */ = {isa = PBXBuildFile; fileRef = 0CCF40A729F959B900AB3AA6 /* MainTabViewController.swift */; };
		0CCF40AD29F959BA00AB3AA6 /* Assets.xcassets in Resources */ = {isa = PBXBuildFile; fileRef = 0CCF40AC29F959BA00AB3AA6 /* Assets.xcassets */; };
		0CCF40BC29F95C5000AB3AA6 /* NewsViewController.swift in Sources */ = {isa = PBXBuildFile; fileRef = 0CCF40BB29F95C5000AB3AA6 /* NewsViewController.swift */; };
		0CCF40C429F9800600AB3AA6 /* NewsTableCell.swift in Sources */ = {isa = PBXBuildFile; fileRef = 0CCF40C329F9800600AB3AA6 /* NewsTableCell.swift */; };
		0CCF40C929F99D8E00AB3AA6 /* FavoritesController.swift in Sources */ = {isa = PBXBuildFile; fileRef = 0CCF40C829F99D8E00AB3AA6 /* FavoritesController.swift */; };
		0CCF40CE29F9A61100AB3AA6 /* UIView.swift in Sources */ = {isa = PBXBuildFile; fileRef = 0CCF40CD29F9A61100AB3AA6 /* UIView.swift */; };
		0CD4E1E129FBD83500B7611C /* CDataManager.swift in Sources */ = {isa = PBXBuildFile; fileRef = 0CD4E1E029FBD83500B7611C /* CDataManager.swift */; };
		0CD4E1E429FBE1EB00B7611C /* CoreDataModel.xcdatamodeld in Sources */ = {isa = PBXBuildFile; fileRef = 0CD4E1E229FBE1EB00B7611C /* CoreDataModel.xcdatamodeld */; };
		0CD4E1EE29FBE7AF00B7611C /* FavoriteTableCell.swift in Sources */ = {isa = PBXBuildFile; fileRef = 0CD4E1ED29FBE7AF00B7611C /* FavoriteTableCell.swift */; };
		0CD4E1F029FBE8C700B7611C /* Extension + FavoriteTableCell.swift in Sources */ = {isa = PBXBuildFile; fileRef = 0CD4E1EF29FBE8C700B7611C /* Extension + FavoriteTableCell.swift */; };
		0CFD647D29FA9037000EB5E7 /* Model.swift in Sources */ = {isa = PBXBuildFile; fileRef = 0CFD647C29FA9037000EB5E7 /* Model.swift */; };
		0CFD648029FA9148000EB5E7 /* NetworkManager.swift in Sources */ = {isa = PBXBuildFile; fileRef = 0CFD647F29FA9148000EB5E7 /* NetworkManager.swift */; };
		0CFD648629FAEA08000EB5E7 /* Extension + NewsTableCell.swift in Sources */ = {isa = PBXBuildFile; fileRef = 0CFD648529FAEA08000EB5E7 /* Extension + NewsTableCell.swift */; };
		0CFD648A29FB1B30000EB5E7 /* Date.swift in Sources */ = {isa = PBXBuildFile; fileRef = 0CFD648929FB1B30000EB5E7 /* Date.swift */; };
/* End PBXBuildFile section */

/* Begin PBXFileReference section */
		0CCF40A029F959B900AB3AA6 /* News.app */ = {isa = PBXFileReference; explicitFileType = wrapper.application; includeInIndex = 0; path = News.app; sourceTree = BUILT_PRODUCTS_DIR; };
		0CCF40A329F959B900AB3AA6 /* AppDelegate.swift */ = {isa = PBXFileReference; lastKnownFileType = sourcecode.swift; path = AppDelegate.swift; sourceTree = "<group>"; };
		0CCF40A529F959B900AB3AA6 /* SceneDelegate.swift */ = {isa = PBXFileReference; lastKnownFileType = sourcecode.swift; path = SceneDelegate.swift; sourceTree = "<group>"; };
		0CCF40A729F959B900AB3AA6 /* MainTabViewController.swift */ = {isa = PBXFileReference; lastKnownFileType = sourcecode.swift; path = MainTabViewController.swift; sourceTree = "<group>"; };
		0CCF40AC29F959BA00AB3AA6 /* Assets.xcassets */ = {isa = PBXFileReference; lastKnownFileType = folder.assetcatalog; path = Assets.xcassets; sourceTree = "<group>"; };
		0CCF40B129F959BA00AB3AA6 /* Info.plist */ = {isa = PBXFileReference; lastKnownFileType = text.plist.xml; path = Info.plist; sourceTree = "<group>"; };
		0CCF40BB29F95C5000AB3AA6 /* NewsViewController.swift */ = {isa = PBXFileReference; lastKnownFileType = sourcecode.swift; path = NewsViewController.swift; sourceTree = "<group>"; };
		0CCF40C329F9800600AB3AA6 /* NewsTableCell.swift */ = {isa = PBXFileReference; lastKnownFileType = sourcecode.swift; path = NewsTableCell.swift; sourceTree = "<group>"; };
		0CCF40C829F99D8E00AB3AA6 /* FavoritesController.swift */ = {isa = PBXFileReference; lastKnownFileType = sourcecode.swift; path = FavoritesController.swift; sourceTree = "<group>"; };
		0CCF40CD29F9A61100AB3AA6 /* UIView.swift */ = {isa = PBXFileReference; lastKnownFileType = sourcecode.swift; path = UIView.swift; sourceTree = "<group>"; };
		0CD4E1E029FBD83500B7611C /* CDataManager.swift */ = {isa = PBXFileReference; lastKnownFileType = sourcecode.swift; path = CDataManager.swift; sourceTree = "<group>"; };
		0CD4E1E329FBE1EB00B7611C /* CoreDataModel.xcdatamodel */ = {isa = PBXFileReference; lastKnownFileType = wrapper.xcdatamodel; path = CoreDataModel.xcdatamodel; sourceTree = "<group>"; };
		0CD4E1ED29FBE7AF00B7611C /* FavoriteTableCell.swift */ = {isa = PBXFileReference; lastKnownFileType = sourcecode.swift; path = FavoriteTableCell.swift; sourceTree = "<group>"; };
		0CD4E1EF29FBE8C700B7611C /* Extension + FavoriteTableCell.swift */ = {isa = PBXFileReference; lastKnownFileType = sourcecode.swift; path = "Extension + FavoriteTableCell.swift"; sourceTree = "<group>"; };
		0CFD647C29FA9037000EB5E7 /* Model.swift */ = {isa = PBXFileReference; lastKnownFileType = sourcecode.swift; path = Model.swift; sourceTree = "<group>"; };
		0CFD647F29FA9148000EB5E7 /* NetworkManager.swift */ = {isa = PBXFileReference; lastKnownFileType = sourcecode.swift; path = NetworkManager.swift; sourceTree = "<group>"; };
		0CFD648529FAEA08000EB5E7 /* Extension + NewsTableCell.swift */ = {isa = PBXFileReference; lastKnownFileType = sourcecode.swift; path = "Extension + NewsTableCell.swift"; sourceTree = "<group>"; };
		0CFD648929FB1B30000EB5E7 /* Date.swift */ = {isa = PBXFileReference; lastKnownFileType = sourcecode.swift; path = Date.swift; sourceTree = "<group>"; };
/* End PBXFileReference section */

/* Begin PBXFrameworksBuildPhase section */
		0CCF409D29F959B900AB3AA6 /* Frameworks */ = {
			isa = PBXFrameworksBuildPhase;
			buildActionMask = 2147483647;
			files = (
			);
			runOnlyForDeploymentPostprocessing = 0;
		};
/* End PBXFrameworksBuildPhase section */

/* Begin PBXGroup section */
		0CCF409729F959B900AB3AA6 = {
			isa = PBXGroup;
			children = (
				0CCF40A229F959B900AB3AA6 /* Novosty */,
				0CCF40A129F959B900AB3AA6 /* Products */,
			);
			sourceTree = "<group>";
		};
		0CCF40A129F959B900AB3AA6 /* Products */ = {
			isa = PBXGroup;
			children = (
				0CCF40A029F959B900AB3AA6 /* News.app */,
			);
			name = Products;
			sourceTree = "<group>";
		};
		0CCF40A229F959B900AB3AA6 /* Novosty */ = {
			isa = PBXGroup;
			children = (
				0CFD647E29FA9136000EB5E7 /* Services */,
				0CFD647B29FA901B000EB5E7 /* Model */,
				0CCF40CC29F9A5FE00AB3AA6 /* Util */,
				0CCF40A729F959B900AB3AA6 /* MainTabViewController.swift */,
				0CCF40B829F959E100AB3AA6 /* Resources */,
				0CCF40B729F959D700AB3AA6 /* App */,
				0CCF40C129F97B4100AB3AA6 /* News */,
				0CCF40C729F99D6E00AB3AA6 /* Favorite */,
			);
			path = Novosty;
			sourceTree = "<group>";
		};
		0CCF40B729F959D700AB3AA6 /* App */ = {
			isa = PBXGroup;
			children = (
				0CCF40A529F959B900AB3AA6 /* SceneDelegate.swift */,
				0CCF40A329F959B900AB3AA6 /* AppDelegate.swift */,
			);
			path = App;
			sourceTree = "<group>";
		};
		0CCF40B829F959E100AB3AA6 /* Resources */ = {
			isa = PBXGroup;
			children = (
				0CCF40AC29F959BA00AB3AA6 /* Assets.xcassets */,
				0CCF40B129F959BA00AB3AA6 /* Info.plist */,
			);
			path = Resources;
			sourceTree = "<group>";
		};
		0CCF40C129F97B4100AB3AA6 /* News */ = {
			isa = PBXGroup;
			children = (
				0CCF40BB29F95C5000AB3AA6 /* NewsViewController.swift */,
				0CCF40C329F9800600AB3AA6 /* NewsTableCell.swift */,
				0CFD648529FAEA08000EB5E7 /* Extension + NewsTableCell.swift */,
			);
			path = News;
			sourceTree = "<group>";
		};
		0CCF40C729F99D6E00AB3AA6 /* Favorite */ = {
			isa = PBXGroup;
			children = (
				0CCF40C829F99D8E00AB3AA6 /* FavoritesController.swift */,
				0CD4E1ED29FBE7AF00B7611C /* FavoriteTableCell.swift */,
				0CD4E1EF29FBE8C700B7611C /* Extension + FavoriteTableCell.swift */,
			);
			path = Favorite;
			sourceTree = "<group>";
		};
		0CCF40CC29F9A5FE00AB3AA6 /* Util */ = {
			isa = PBXGroup;
			children = (
				0CD4E1E229FBE1EB00B7611C /* CoreDataModel.xcdatamodeld */,
				0CCF40CD29F9A61100AB3AA6 /* UIView.swift */,
				0CFD648929FB1B30000EB5E7 /* Date.swift */,
			);
			path = Util;
			sourceTree = "<group>";
		};
		0CFD647B29FA901B000EB5E7 /* Model */ = {
			isa = PBXGroup;
			children = (
				0CFD647C29FA9037000EB5E7 /* Model.swift */,
			);
			path = Model;
			sourceTree = "<group>";
		};
		0CFD647E29FA9136000EB5E7 /* Services */ = {
			isa = PBXGroup;
			children = (
				0CFD647F29FA9148000EB5E7 /* NetworkManager.swift */,
				0CD4E1E029FBD83500B7611C /* CDataManager.swift */,
			);
			path = Services;
			sourceTree = "<group>";
		};
/* End PBXGroup section */

/* Begin PBXNativeTarget section */
		0CCF409F29F959B900AB3AA6 /* News */ = {
			isa = PBXNativeTarget;
			buildConfigurationList = 0CCF40B429F959BA00AB3AA6 /* Build configuration list for PBXNativeTarget "News" */;
			buildPhases = (
				0CCF409C29F959B900AB3AA6 /* Sources */,
				0CCF409D29F959B900AB3AA6 /* Frameworks */,
				0CCF409E29F959B900AB3AA6 /* Resources */,
			);
			buildRules = (
			);
			dependencies = (
			);
			name = News;
			productName = Novosty;
			productReference = 0CCF40A029F959B900AB3AA6 /* News.app */;
			productType = "com.apple.product-type.application";
		};
/* End PBXNativeTarget section */

/* Begin PBXProject section */
		0CCF409829F959B900AB3AA6 /* Project object */ = {
			isa = PBXProject;
			attributes = {
				BuildIndependentTargetsInParallel = 1;
				LastSwiftUpdateCheck = 1420;
				LastUpgradeCheck = 1420;
				TargetAttributes = {
					0CCF409F29F959B900AB3AA6 = {
						CreatedOnToolsVersion = 14.2;
					};
				};
			};
			buildConfigurationList = 0CCF409B29F959B900AB3AA6 /* Build configuration list for PBXProject "News" */;
			compatibilityVersion = "Xcode 14.0";
			developmentRegion = en;
			hasScannedForEncodings = 0;
			knownRegions = (
				en,
				Base,
			);
			mainGroup = 0CCF409729F959B900AB3AA6;
			productRefGroup = 0CCF40A129F959B900AB3AA6 /* Products */;
			projectDirPath = "";
			projectRoot = "";
			targets = (
				0CCF409F29F959B900AB3AA6 /* News */,
			);
		};
/* End PBXProject section */

/* Begin PBXResourcesBuildPhase section */
		0CCF409E29F959B900AB3AA6 /* Resources */ = {
			isa = PBXResourcesBuildPhase;
			buildActionMask = 2147483647;
			files = (
				0CCF40AD29F959BA00AB3AA6 /* Assets.xcassets in Resources */,
			);
			runOnlyForDeploymentPostprocessing = 0;
		};
/* End PBXResourcesBuildPhase section */

/* Begin PBXSourcesBuildPhase section */
		0CCF409C29F959B900AB3AA6 /* Sources */ = {
			isa = PBXSourcesBuildPhase;
			buildActionMask = 2147483647;
			files = (
				0CCF40CE29F9A61100AB3AA6 /* UIView.swift in Sources */,
				0CFD648629FAEA08000EB5E7 /* Extension + NewsTableCell.swift in Sources */,
				0CCF40A829F959B900AB3AA6 /* MainTabViewController.swift in Sources */,
				0CD4E1E429FBE1EB00B7611C /* CoreDataModel.xcdatamodeld in Sources */,
				0CD4E1F029FBE8C700B7611C /* Extension + FavoriteTableCell.swift in Sources */,
				0CFD648029FA9148000EB5E7 /* NetworkManager.swift in Sources */,
				0CCF40A429F959B900AB3AA6 /* AppDelegate.swift in Sources */,
				0CCF40A629F959B900AB3AA6 /* SceneDelegate.swift in Sources */,
				0CFD648A29FB1B30000EB5E7 /* Date.swift in Sources */,
				0CCF40BC29F95C5000AB3AA6 /* NewsViewController.swift in Sources */,
				0CFD647D29FA9037000EB5E7 /* Model.swift in Sources */,
				0CD4E1E129FBD83500B7611C /* CDataManager.swift in Sources */,
				0CCF40C429F9800600AB3AA6 /* NewsTableCell.swift in Sources */,
				0CD4E1EE29FBE7AF00B7611C /* FavoriteTableCell.swift in Sources */,
				0CCF40C929F99D8E00AB3AA6 /* FavoritesController.swift in Sources */,
			);
			runOnlyForDeploymentPostprocessing = 0;
		};
/* End PBXSourcesBuildPhase section */

/* Begin XCBuildConfiguration section */
		0CCF40B229F959BA00AB3AA6 /* Debug */ = {
			isa = XCBuildConfiguration;
			buildSettings = {
				ALWAYS_SEARCH_USER_PATHS = NO;
				CLANG_ANALYZER_NONNULL = YES;
				CLANG_ANALYZER_NUMBER_OBJECT_CONVERSION = YES_AGGRESSIVE;
				CLANG_CXX_LANGUAGE_STANDARD = "gnu++20";
				CLANG_ENABLE_MODULES = YES;
				CLANG_ENABLE_OBJC_ARC = YES;
				CLANG_ENABLE_OBJC_WEAK = YES;
				CLANG_WARN_BLOCK_CAPTURE_AUTORELEASING = YES;
				CLANG_WARN_BOOL_CONVERSION = YES;
				CLANG_WARN_COMMA = YES;
				CLANG_WARN_CONSTANT_CONVERSION = YES;
				CLANG_WARN_DEPRECATED_OBJC_IMPLEMENTATIONS = YES;
				CLANG_WARN_DIRECT_OBJC_ISA_USAGE = YES_ERROR;
				CLANG_WARN_DOCUMENTATION_COMMENTS = YES;
				CLANG_WARN_EMPTY_BODY = YES;
				CLANG_WARN_ENUM_CONVERSION = YES;
				CLANG_WARN_INFINITE_RECURSION = YES;
				CLANG_WARN_INT_CONVERSION = YES;
				CLANG_WARN_NON_LITERAL_NULL_CONVERSION = YES;
				CLANG_WARN_OBJC_IMPLICIT_RETAIN_SELF = YES;
				CLANG_WARN_OBJC_LITERAL_CONVERSION = YES;
				CLANG_WARN_OBJC_ROOT_CLASS = YES_ERROR;
				CLANG_WARN_QUOTED_INCLUDE_IN_FRAMEWORK_HEADER = YES;
				CLANG_WARN_RANGE_LOOP_ANALYSIS = YES;
				CLANG_WARN_STRICT_PROTOTYPES = YES;
				CLANG_WARN_SUSPICIOUS_MOVE = YES;
				CLANG_WARN_UNGUARDED_AVAILABILITY = YES_AGGRESSIVE;
				CLANG_WARN_UNREACHABLE_CODE = YES;
				CLANG_WARN__DUPLICATE_METHOD_MATCH = YES;
				COPY_PHASE_STRIP = NO;
				DEBUG_INFORMATION_FORMAT = dwarf;
				ENABLE_STRICT_OBJC_MSGSEND = YES;
				ENABLE_TESTABILITY = YES;
				GCC_C_LANGUAGE_STANDARD = gnu11;
				GCC_DYNAMIC_NO_PIC = NO;
				GCC_NO_COMMON_BLOCKS = YES;
				GCC_OPTIMIZATION_LEVEL = 0;
				GCC_PREPROCESSOR_DEFINITIONS = (
					"DEBUG=1",
					"$(inherited)",
				);
				GCC_WARN_64_TO_32_BIT_CONVERSION = YES;
				GCC_WARN_ABOUT_RETURN_TYPE = YES_ERROR;
				GCC_WARN_UNDECLARED_SELECTOR = YES;
				GCC_WARN_UNINITIALIZED_AUTOS = YES_AGGRESSIVE;
				GCC_WARN_UNUSED_FUNCTION = YES;
				GCC_WARN_UNUSED_VARIABLE = YES;
				IPHONEOS_DEPLOYMENT_TARGET = 16.2;
				MTL_ENABLE_DEBUG_INFO = INCLUDE_SOURCE;
				MTL_FAST_MATH = YES;
				ONLY_ACTIVE_ARCH = YES;
				SDKROOT = iphoneos;
				SWIFT_ACTIVE_COMPILATION_CONDITIONS = DEBUG;
				SWIFT_OPTIMIZATION_LEVEL = "-Onone";
			};
			name = Debug;
		};
		0CCF40B329F959BA00AB3AA6 /* Release */ = {
			isa = XCBuildConfiguration;
			buildSettings = {
				ALWAYS_SEARCH_USER_PATHS = NO;
				CLANG_ANALYZER_NONNULL = YES;
				CLANG_ANALYZER_NUMBER_OBJECT_CONVERSION = YES_AGGRESSIVE;
				CLANG_CXX_LANGUAGE_STANDARD = "gnu++20";
				CLANG_ENABLE_MODULES = YES;
				CLANG_ENABLE_OBJC_ARC = YES;
				CLANG_ENABLE_OBJC_WEAK = YES;
				CLANG_WARN_BLOCK_CAPTURE_AUTORELEASING = YES;
				CLANG_WARN_BOOL_CONVERSION = YES;
				CLANG_WARN_COMMA = YES;
				CLANG_WARN_CONSTANT_CONVERSION = YES;
				CLANG_WARN_DEPRECATED_OBJC_IMPLEMENTATIONS = YES;
				CLANG_WARN_DIRECT_OBJC_ISA_USAGE = YES_ERROR;
				CLANG_WARN_DOCUMENTATION_COMMENTS = YES;
				CLANG_WARN_EMPTY_BODY = YES;
				CLANG_WARN_ENUM_CONVERSION = YES;
				CLANG_WARN_INFINITE_RECURSION = YES;
				CLANG_WARN_INT_CONVERSION = YES;
				CLANG_WARN_NON_LITERAL_NULL_CONVERSION = YES;
				CLANG_WARN_OBJC_IMPLICIT_RETAIN_SELF = YES;
				CLANG_WARN_OBJC_LITERAL_CONVERSION = YES;
				CLANG_WARN_OBJC_ROOT_CLASS = YES_ERROR;
				CLANG_WARN_QUOTED_INCLUDE_IN_FRAMEWORK_HEADER = YES;
				CLANG_WARN_RANGE_LOOP_ANALYSIS = YES;
				CLANG_WARN_STRICT_PROTOTYPES = YES;
				CLANG_WARN_SUSPICIOUS_MOVE = YES;
				CLANG_WARN_UNGUARDED_AVAILABILITY = YES_AGGRESSIVE;
				CLANG_WARN_UNREACHABLE_CODE = YES;
				CLANG_WARN__DUPLICATE_METHOD_MATCH = YES;
				COPY_PHASE_STRIP = NO;
				DEBUG_INFORMATION_FORMAT = "dwarf-with-dsym";
				ENABLE_NS_ASSERTIONS = NO;
				ENABLE_STRICT_OBJC_MSGSEND = YES;
				GCC_C_LANGUAGE_STANDARD = gnu11;
				GCC_NO_COMMON_BLOCKS = YES;
				GCC_WARN_64_TO_32_BIT_CONVERSION = YES;
				GCC_WARN_ABOUT_RETURN_TYPE = YES_ERROR;
				GCC_WARN_UNDECLARED_SELECTOR = YES;
				GCC_WARN_UNINITIALIZED_AUTOS = YES_AGGRESSIVE;
				GCC_WARN_UNUSED_FUNCTION = YES;
				GCC_WARN_UNUSED_VARIABLE = YES;
				IPHONEOS_DEPLOYMENT_TARGET = 16.2;
				MTL_ENABLE_DEBUG_INFO = NO;
				MTL_FAST_MATH = YES;
				SDKROOT = iphoneos;
				SWIFT_COMPILATION_MODE = wholemodule;
				SWIFT_OPTIMIZATION_LEVEL = "-O";
				VALIDATE_PRODUCT = YES;
			};
			name = Release;
		};
		0CCF40B529F959BA00AB3AA6 /* Debug */ = {
			isa = XCBuildConfiguration;
			buildSettings = {
				ASSETCATALOG_COMPILER_APPICON_NAME = AppIcon;
				ASSETCATALOG_COMPILER_GLOBAL_ACCENT_COLOR_NAME = AccentColor;
				CODE_SIGN_STYLE = Automatic;
				CURRENT_PROJECT_VERSION = 1;
				GENERATE_INFOPLIST_FILE = YES;
				INFOPLIST_FILE = Novosty/Resources/Info.plist;
				INFOPLIST_KEY_UIApplicationSupportsIndirectInputEvents = YES;
				INFOPLIST_KEY_UILaunchStoryboardName = LaunchScreen;
				INFOPLIST_KEY_UISupportedInterfaceOrientations = UIInterfaceOrientationPortrait;
				INFOPLIST_KEY_UISupportedInterfaceOrientations_iPad = "UIInterfaceOrientationLandscapeLeft UIInterfaceOrientationLandscapeRight UIInterfaceOrientationPortrait UIInterfaceOrientationPortraitUpsideDown";
				IPHONEOS_DEPLOYMENT_TARGET = 15;
				LD_RUNPATH_SEARCH_PATHS = (
					"$(inherited)",
					"@executable_path/Frameworks",
				);
				MARKETING_VERSION = 1.0;
				PRODUCT_BUNDLE_IDENTIFIER = com.Novosty;
				PRODUCT_NAME = "$(TARGET_NAME)";
				SUPPORTED_PLATFORMS = "iphoneos iphonesimulator";
				SUPPORTS_MACCATALYST = NO;
				SUPPORTS_MAC_DESIGNED_FOR_IPHONE_IPAD = NO;
				SWIFT_EMIT_LOC_STRINGS = YES;
				SWIFT_VERSION = 5.0;
				TARGETED_DEVICE_FAMILY = 1;
			};
			name = Debug;
		};
		0CCF40B629F959BA00AB3AA6 /* Release */ = {
			isa = XCBuildConfiguration;
			buildSettings = {
				ASSETCATALOG_COMPILER_APPICON_NAME = AppIcon;
				ASSETCATALOG_COMPILER_GLOBAL_ACCENT_COLOR_NAME = AccentColor;
				CODE_SIGN_STYLE = Automatic;
				CURRENT_PROJECT_VERSION = 1;
				GENERATE_INFOPLIST_FILE = YES;
				INFOPLIST_FILE = Novosty/Resources/Info.plist;
				INFOPLIST_KEY_UIApplicationSupportsIndirectInputEvents = YES;
				INFOPLIST_KEY_UILaunchStoryboardName = LaunchScreen;
				INFOPLIST_KEY_UISupportedInterfaceOrientations = UIInterfaceOrientationPortrait;
				INFOPLIST_KEY_UISupportedInterfaceOrientations_iPad = "UIInterfaceOrientationLandscapeLeft UIInterfaceOrientationLandscapeRight UIInterfaceOrientationPortrait UIInterfaceOrientationPortraitUpsideDown";
				IPHONEOS_DEPLOYMENT_TARGET = 15;
				LD_RUNPATH_SEARCH_PATHS = (
					"$(inherited)",
					"@executable_path/Frameworks",
				);
				MARKETING_VERSION = 1.0;
				PRODUCT_BUNDLE_IDENTIFIER = com.Novosty;
				PRODUCT_NAME = "$(TARGET_NAME)";
				SUPPORTED_PLATFORMS = "iphoneos iphonesimulator";
				SUPPORTS_MACCATALYST = NO;
				SUPPORTS_MAC_DESIGNED_FOR_IPHONE_IPAD = NO;
				SWIFT_EMIT_LOC_STRINGS = YES;
				SWIFT_VERSION = 5.0;
				TARGETED_DEVICE_FAMILY = 1;
			};
			name = Release;
		};
/* End XCBuildConfiguration section */

/* Begin XCConfigurationList section */
		0CCF409B29F959B900AB3AA6 /* Build configuration list for PBXProject "News" */ = {
			isa = XCConfigurationList;
			buildConfigurations = (
				0CCF40B229F959BA00AB3AA6 /* Debug */,
				0CCF40B329F959BA00AB3AA6 /* Release */,
			);
			defaultConfigurationIsVisible = 0;
			defaultConfigurationName = Release;
		};
		0CCF40B429F959BA00AB3AA6 /* Build configuration list for PBXNativeTarget "News" */ = {
			isa = XCConfigurationList;
			buildConfigurations = (
				0CCF40B529F959BA00AB3AA6 /* Debug */,
				0CCF40B629F959BA00AB3AA6 /* Release */,
			);
			defaultConfigurationIsVisible = 0;
			defaultConfigurationName = Release;
		};
/* End XCConfigurationList section */

/* Begin XCVersionGroup section */
		0CD4E1E229FBE1EB00B7611C /* CoreDataModel.xcdatamodeld */ = {
			isa = XCVersionGroup;
			children = (
				0CD4E1E329FBE1EB00B7611C /* CoreDataModel.xcdatamodel */,
			);
			currentVersion = 0CD4E1E329FBE1EB00B7611C /* CoreDataModel.xcdatamodel */;
			path = CoreDataModel.xcdatamodeld;
			sourceTree = "<group>";
			versionGroupType = wrapper.xcdatamodel;
		};
/* End XCVersionGroup section */
	};
	rootObject = 0CCF409829F959B900AB3AA6 /* Project object */;
}
